
Microsoft Visual Studio Solution File, Format Version 12.00
# Visual Studio Version 17
VisualStudioVersion = 17.1.32421.90
MinimumVisualStudioVersion = 10.0.40219.1
Project("{FAE04EC0-301F-11D3-BF4B-00C04F79EFBC}") = "RTS Labs Coding Problems", "RTS Labs Coding Problems\RTS Labs Coding Problems.csproj", "{B8D51DCF-6DF6-4DB2-A622-9FD3D81369FD}"
EndProject
Global
	GlobalSection(SolutionConfigurationPlatforms) = preSolution
		Debug|Any CPU = Debug|Any CPU
		Release|Any CPU = Release|Any CPU
	EndGlobalSection
	GlobalSection(ProjectConfigurationPlatforms) = postSolution
		{B8D51DCF-6DF6-4DB2-A622-9FD3D81369FD}.Debug|Any CPU.ActiveCfg = Debug|Any CPU
		{B8D51DCF-6DF6-4DB2-A622-9FD3D81369FD}.Debug|Any CPU.Build.0 = Debug|Any CPU
		{B8D51DCF-6DF6-4DB2-A622-9FD3D81369FD}.Release|Any CPU.ActiveCfg = Release|Any CPU
		{B8D51DCF-6DF6-4DB2-A622-9FD3D81369FD}.Release|Any CPU.Build.0 = Release|Any CPU
	EndGlobalSection
	GlobalSection(SolutionProperties) = preSolution
		HideSolutionNode = FALSE
	EndGlobalSection
	GlobalSection(ExtensibilityGlobals) = postSolution
		SolutionGuid = {BE643F17-A842-44B1-A50E-5E4E27B68902}
	EndGlobalSection
EndGlobal
